// !$*UTF8*$!
{
	archiveVersion = 1;
	classes = {
	};
	objectVersion = 50;
	objects = {

/* Begin PBXBuildFile section */
		D4863E9424E8A3250042840C /* AppDelegate.swift in Sources */ = {isa = PBXBuildFile; fileRef = D4863E9324E8A3250042840C /* AppDelegate.swift */; };
		D4863E9624E8A3250042840C /* SceneDelegate.swift in Sources */ = {isa = PBXBuildFile; fileRef = D4863E9524E8A3250042840C /* SceneDelegate.swift */; };
		D4863E9824E8A3250042840C /* ViewController.swift in Sources */ = {isa = PBXBuildFile; fileRef = D4863E9724E8A3250042840C /* ViewController.swift */; };
		D4863E9B24E8A3250042840C /* Main.storyboard in Resources */ = {isa = PBXBuildFile; fileRef = D4863E9924E8A3250042840C /* Main.storyboard */; };
		D4863E9D24E8A3260042840C /* Assets.xcassets in Resources */ = {isa = PBXBuildFile; fileRef = D4863E9C24E8A3260042840C /* Assets.xcassets */; };
		D4863EA024E8A3260042840C /* LaunchScreen.storyboard in Resources */ = {isa = PBXBuildFile; fileRef = D4863E9E24E8A3260042840C /* LaunchScreen.storyboard */; };
/* End PBXBuildFile section */

/* Begin PBXFileReference section */
		D4863E9024E8A3250042840C /* Schola App.app */ = {isa = PBXFileReference; explicitFileType = wrapper.application; includeInIndex = 0; path = "Schola App.app"; sourceTree = BUILT_PRODUCTS_DIR; };
		D4863E9324E8A3250042840C /* AppDelegate.swift */ = {isa = PBXFileReference; lastKnownFileType = sourcecode.swift; path = AppDelegate.swift; sourceTree = "<group>"; };
		D4863E9524E8A3250042840C /* SceneDelegate.swift */ = {isa = PBXFileReference; lastKnownFileType = sourcecode.swift; path = SceneDelegate.swift; sourceTree = "<group>"; };
		D4863E9724E8A3250042840C /* ViewController.swift */ = {isa = PBXFileReference; lastKnownFileType = sourcecode.swift; path = ViewController.swift; sourceTree = "<group>"; };
		D4863E9A24E8A3250042840C /* Base */ = {isa = PBXFileReference; lastKnownFileType = file.storyboard; name = Base; path = Base.lproj/Main.storyboard; sourceTree = "<group>"; };
		D4863E9C24E8A3260042840C /* Assets.xcassets */ = {isa = PBXFileReference; lastKnownFileType = folder.assetcatalog; path = Assets.xcassets; sourceTree = "<group>"; };
		D4863E9F24E8A3260042840C /* Base */ = {isa = PBXFileReference; lastKnownFileType = file.storyboard; name = Base; path = Base.lproj/LaunchScreen.storyboard; sourceTree = "<group>"; };
		D4863EA124E8A3260042840C /* Info.plist */ = {isa = PBXFileReference; lastKnownFileType = text.plist.xml; path = Info.plist; sourceTree = "<group>"; };
/* End PBXFileReference section */

/* Begin PBXFrameworksBuildPhase section */
		D4863E8D24E8A3250042840C /* Frameworks */ = {
			isa = PBXFrameworksBuildPhase;
			buildActionMask = 2147483647;
			files = (
			);
			runOnlyForDeploymentPostprocessing = 0;
		};
/* End PBXFrameworksBuildPhase section */

/* Begin PBXGroup section */
		D4863E8724E8A3250042840C = {
			isa = PBXGroup;
			children = (
				D4863E9224E8A3250042840C /* Schola App */,
				D4863E9124E8A3250042840C /* Products */,
			);
			sourceTree = "<group>";
		};
		D4863E9124E8A3250042840C /* Products */ = {
			isa = PBXGroup;
			children = (
				D4863E9024E8A3250042840C /* Schola App.app */,
			);
			name = Products;
			sourceTree = "<group>";
		};
		D4863E9224E8A3250042840C /* Schola App */ = {
			isa = PBXGroup;
			children = (
				D4863E9324E8A3250042840C /* AppDelegate.swift */,
				D4863E9524E8A3250042840C /* SceneDelegate.swift */,
				D4863E9724E8A3250042840C /* ViewController.swift */,
				D4863E9924E8A3250042840C /* Main.storyboard */,
				D4863E9C24E8A3260042840C /* Assets.xcassets */,
				D4863E9E24E8A3260042840C /* LaunchScreen.storyboard */,
				D4863EA124E8A3260042840C /* Info.plist */,
			);
			path = "Schola App";
			sourceTree = "<group>";
		};
/* End PBXGroup section */

/* Begin PBXNativeTarget section */
		D4863E8F24E8A3250042840C /* Schola App */ = {
			isa = PBXNativeTarget;
			buildConfigurationList = D4863EA424E8A3260042840C /* Build configuration list for PBXNativeTarget "Schola App" */;
			buildPhases = (
				D4863E8C24E8A3250042840C /* Sources */,
				D4863E8D24E8A3250042840C /* Frameworks */,
				D4863E8E24E8A3250042840C /* Resources */,
			);
			buildRules = (
			);
			dependencies = (
			);
			name = "Schola App";
			productName = "Schola App";
			productReference = D4863E9024E8A3250042840C /* Schola App.app */;
			productType = "com.apple.product-type.application";
		};
/* End PBXNativeTarget section */

/* Begin PBXProject section */
		D4863E8824E8A3250042840C /* Project object */ = {
			isa = PBXProject;
			attributes = {
				LastSwiftUpdateCheck = 1160;
				LastUpgradeCheck = 1160;
				ORGANIZATIONNAME = "Natalie Ramirez";
				TargetAttributes = {
					D4863E8F24E8A3250042840C = {
						CreatedOnToolsVersion = 11.6;
					};
				};
			};
			buildConfigurationList = D4863E8B24E8A3250042840C /* Build configuration list for PBXProject "Schola App" */;
			compatibilityVersion = "Xcode 9.3";
			developmentRegion = en;
			hasScannedForEncodings = 0;
			knownRegions = (
				en,
				Base,
			);
			mainGroup = D4863E8724E8A3250042840C;
			productRefGroup = D4863E9124E8A3250042840C /* Products */;
			projectDirPath = "";
			projectRoot = "";
			targets = (
				D4863E8F24E8A3250042840C /* Schola App */,
			);
		};
/* End PBXProject section */

/* Begin PBXResourcesBuildPhase section */
		D4863E8E24E8A3250042840C /* Resources */ = {
			isa = PBXResourcesBuildPhase;
			buildActionMask = 2147483647;
			files = (
				D4863EA024E8A3260042840C /* LaunchScreen.storyboard in Resources */,
				D4863E9D24E8A3260042840C /* Assets.xcassets in Resources */,
				D4863E9B24E8A3250042840C /* Main.storyboard in Resources */,
			);
			runOnlyForDeploymentPostprocessing = 0;
		};
/* End PBXResourcesBuildPhase section */

/* Begin PBXSourcesBuildPhase section */
		D4863E8C24E8A3250042840C /* Sources */ = {
			isa = PBXSourcesBuildPhase;
			buildActionMask = 2147483647;
			files = (
				D4863E9824E8A3250042840C /* ViewController.swift in Sources */,
				D4863E9424E8A3250042840C /* AppDelegate.swift in Sources */,
				D4863E9624E8A3250042840C /* SceneDelegate.swift in Sources */,
			);
			runOnlyForDeploymentPostprocessing = 0;
		};
/* End PBXSourcesBuildPhase section */

/* Begin PBXVariantGroup section */
		D4863E9924E8A3250042840C /* Main.storyboard */ = {
			isa = PBXVariantGroup;
			children = (
				D4863E9A24E8A3250042840C /* Base */,
			);
			name = Main.storyboard;
			sourceTree = "<group>";
		};
		D4863E9E24E8A3260042840C /* LaunchScreen.storyboard */ = {
			isa = PBXVariantGroup;
			children = (
				D4863E9F24E8A3260042840C /* Base */,
			);
			name = LaunchScreen.storyboard;
			sourceTree = "<group>";
		};
/* End PBXVariantGroup section */

/* Begin XCBuildConfiguration section */
		D4863EA224E8A3260042840C /* Debug */ = {
			isa = XCBuildConfiguration;
			buildSettings = {
				ALWAYS_SEARCH_USER_PATHS = NO;
				CLANG_ANALYZER_NONNULL = YES;
				CLANG_ANALYZER_NUMBER_OBJECT_CONVERSION = YES_AGGRESSIVE;
				CLANG_CXX_LANGUAGE_STANDARD = "gnu++14";
				CLANG_CXX_LIBRARY = "libc++";
				CLANG_ENABLE_MODULES = YES;
				CLANG_ENABLE_OBJC_ARC = YES;
				CLANG_ENABLE_OBJC_WEAK = YES;
				CLANG_WARN_BLOCK_CAPTURE_AUTORELEASING = YES;
				CLANG_WARN_BOOL_CONVERSION = YES;
				CLANG_WARN_COMMA = YES;
				CLANG_WARN_CONSTANT_CONVERSION = YES;
				CLANG_WARN_DEPRECATED_OBJC_IMPLEMENTATIONS = YES;
				CLANG_WARN_DIRECT_OBJC_ISA_USAGE = YES_ERROR;
				CLANG_WARN_DOCUMENTATION_COMMENTS = YES;
				CLANG_WARN_EMPTY_BODY = YES;
				CLANG_WARN_ENUM_CONVERSION = YES;
				CLANG_WARN_INFINITE_RECURSION = YES;
				CLANG_WARN_INT_CONVERSION = YES;
				CLANG_WARN_NON_LITERAL_NULL_CONVERSION = YES;
				CLANG_WARN_OBJC_IMPLICIT_RETAIN_SELF = YES;
				CLANG_WARN_OBJC_LITERAL_CONVERSION = YES;
				CLANG_WARN_OBJC_ROOT_CLASS = YES_ERROR;
				CLANG_WARN_RANGE_LOOP_ANALYSIS = YES;
				CLANG_WARN_STRICT_PROTOTYPES = YES;
				CLANG_WARN_SUSPICIOUS_MOVE = YES;
				CLANG_WARN_UNGUARDED_AVAILABILITY = YES_AGGRESSIVE;
				CLANG_WARN_UNREACHABLE_CODE = YES;
				CLANG_WARN__DUPLICATE_METHOD_MATCH = YES;
				COPY_PHASE_STRIP = NO;
				DEBUG_INFORMATION_FORMAT = dwarf;
				ENABLE_STRICT_OBJC_MSGSEND = YES;
				ENABLE_TESTABILITY = YES;
				GCC_C_LANGUAGE_STANDARD = gnu11;
				GCC_DYNAMIC_NO_PIC = NO;
				GCC_NO_COMMON_BLOCKS = YES;
				GCC_OPTIMIZATION_LEVEL = 0;
				GCC_PREPROCESSOR_DEFINITIONS = (
					"DEBUG=1",
					"$(inherited)",
				);
				GCC_WARN_64_TO_32_BIT_CONVERSION = YES;
				GCC_WARN_ABOUT_RETURN_TYPE = YES_ERROR;
				GCC_WARN_UNDECLARED_SELECTOR = YES;
				GCC_WARN_UNINITIALIZED_AUTOS = YES_AGGRESSIVE;
				GCC_WARN_UNUSED_FUNCTION = YES;
				GCC_WARN_UNUSED_VARIABLE = YES;
				IPHONEOS_DEPLOYMENT_TARGET = 13.6;
				MTL_ENABLE_DEBUG_INFO = INCLUDE_SOURCE;
				MTL_FAST_MATH = YES;
				ONLY_ACTIVE_ARCH = YES;
				SDKROOT = iphoneos;
				SWIFT_ACTIVE_COMPILATION_CONDITIONS = DEBUG;
				SWIFT_OPTIMIZATION_LEVEL = "-Onone";
			};
			name = Debug;
		};
		D4863EA324E8A3260042840C /* Release */ = {
			isa = XCBuildConfiguration;
			buildSettings = {
				ALWAYS_SEARCH_USER_PATHS = NO;
				CLANG_ANALYZER_NONNULL = YES;
				CLANG_ANALYZER_NUMBER_OBJECT_CONVERSION = YES_AGGRESSIVE;
				CLANG_CXX_LANGUAGE_STANDARD = "gnu++14";
				CLANG_CXX_LIBRARY = "libc++";
				CLANG_ENABLE_MODULES = YES;
				CLANG_ENABLE_OBJC_ARC = YES;
				CLANG_ENABLE_OBJC_WEAK = YES;
				CLANG_WARN_BLOCK_CAPTURE_AUTORELEASING = YES;
				CLANG_WARN_BOOL_CONVERSION = YES;
				CLANG_WARN_COMMA = YES;
				CLANG_WARN_CONSTANT_CONVERSION = YES;
				CLANG_WARN_DEPRECATED_OBJC_IMPLEMENTATIONS = YES;
				CLANG_WARN_DIRECT_OBJC_ISA_USAGE = YES_ERROR;
				CLANG_WARN_DOCUMENTATION_COMMENTS = YES;
				CLANG_WARN_EMPTY_BODY = YES;
				CLANG_WARN_ENUM_CONVERSION = YES;
				CLANG_WARN_INFINITE_RECURSION = YES;
				CLANG_WARN_INT_CONVERSION = YES;
				CLANG_WARN_NON_LITERAL_NULL_CONVERSION = YES;
				CLANG_WARN_OBJC_IMPLICIT_RETAIN_SELF = YES;
				CLANG_WARN_OBJC_LITERAL_CONVERSION = YES;
				CLANG_WARN_OBJC_ROOT_CLASS = YES_ERROR;
				CLANG_WARN_RANGE_LOOP_ANALYSIS = YES;
				CLANG_WARN_STRICT_PROTOTYPES = YES;
				CLANG_WARN_SUSPICIOUS_MOVE = YES;
				CLANG_WARN_UNGUARDED_AVAILABILITY = YES_AGGRESSIVE;
				CLANG_WARN_UNREACHABLE_CODE = YES;
				CLANG_WARN__DUPLICATE_METHOD_MATCH = YES;
				COPY_PHASE_STRIP = NO;
				DEBUG_INFORMATION_FORMAT = "dwarf-with-dsym";
				ENABLE_NS_ASSERTIONS = NO;
				ENABLE_STRICT_OBJC_MSGSEND = YES;
				GCC_C_LANGUAGE_STANDARD = gnu11;
				GCC_NO_COMMON_BLOCKS = YES;
				GCC_WARN_64_TO_32_BIT_CONVERSION = YES;
				GCC_WARN_ABOUT_RETURN_TYPE = YES_ERROR;
				GCC_WARN_UNDECLARED_SELECTOR = YES;
				GCC_WARN_UNINITIALIZED_AUTOS = YES_AGGRESSIVE;
				GCC_WARN_UNUSED_FUNCTION = YES;
				GCC_WARN_UNUSED_VARIABLE = YES;
				IPHONEOS_DEPLOYMENT_TARGET = 13.6;
				MTL_ENABLE_DEBUG_INFO = NO;
				MTL_FAST_MATH = YES;
				SDKROOT = iphoneos;
				SWIFT_COMPILATION_MODE = wholemodule;
				SWIFT_OPTIMIZATION_LEVEL = "-O";
				VALIDATE_PRODUCT = YES;
			};
			name = Release;
		};
		D4863EA524E8A3260042840C /* Debug */ = {
			isa = XCBuildConfiguration;
			buildSettings = {
				ASSETCATALOG_COMPILER_APPICON_NAME = AppIcon;
				CODE_SIGN_STYLE = Automatic;
				DEVELOPMENT_TEAM = 4DNWJ639FZ;
				INFOPLIST_FILE = "Schola App/Info.plist";
				LD_RUNPATH_SEARCH_PATHS = (
					"$(inherited)",
					"@executable_path/Frameworks",
				);
				PRODUCT_BUNDLE_IDENTIFIER = "com.nramirezscholapp.Schola-App";
				PRODUCT_NAME = "$(TARGET_NAME)";
				SWIFT_VERSION = 5.0;
				TARGETED_DEVICE_FAMILY = "1,2";
			};
			name = Debug;
		};
		D4863EA624E8A3260042840C /* Release */ = {
			isa = XCBuildConfiguration;
			buildSettings = {
				ASSETCATALOG_COMPILER_APPICON_NAME = AppIcon;
				CODE_SIGN_STYLE = Automatic;
				DEVELOPMENT_TEAM = 4DNWJ639FZ;
				INFOPLIST_FILE = "Schola App/Info.plist";
				LD_RUNPATH_SEARCH_PATHS = (
					"$(inherited)",
					"@executable_path/Frameworks",
				);
				PRODUCT_BUNDLE_IDENTIFIER = "com.nramirezscholapp.Schola-App";
				PRODUCT_NAME = "$(TARGET_NAME)";
				SWIFT_VERSION = 5.0;
				TARGETED_DEVICE_FAMILY = "1,2";
			};
			name = Release;
		};
/* End XCBuildConfiguration section */

/* Begin XCConfigurationList section */
		D4863E8B24E8A3250042840C /* Build configuration list for PBXProject "Schola App" */ = {
			isa = XCConfigurationList;
			buildConfigurations = (
				D4863EA224E8A3260042840C /* Debug */,
				D4863EA324E8A3260042840C /* Release */,
			);
			defaultConfigurationIsVisible = 0;
			defaultConfigurationName = Release;
		};
		D4863EA424E8A3260042840C /* Build configuration list for PBXNativeTarget "Schola App" */ = {
			isa = XCConfigurationList;
			buildConfigurations = (
				D4863EA524E8A3260042840C /* Debug */,
				D4863EA624E8A3260042840C /* Release */,
			);
			defaultConfigurationIsVisible = 0;
			defaultConfigurationName = Release;
		};
/* End XCConfigurationList section */
	};
	rootObject = D4863E8824E8A3250042840C /* Project object */;
}
